
Microsoft Visual Studio Solution File, Format Version 12.00
# Visual Studio Version 17
VisualStudioVersion = 17.0.31717.71
MinimumVisualStudioVersion = 10.0.40219.1
Project("{FAE04EC0-301F-11D3-BF4B-00C04F79EFBC}") = "DyndnsUpdater.Server", "src\DyndnsUpdater.Server\DyndnsUpdater.Server.csproj", "{80D0F5B3-0E79-4493-A81C-7AD3883E77FB}"
EndProject
Project("{2150E333-8FDC-42A3-9474-1A3956D46DE8}") = "build", "build", "{56F9F978-DF65-4506-89A5-CC106D62E7FA}"
	ProjectSection(SolutionItems) = preProject
		build\Build-Docker.ps1 = build\Build-Docker.ps1
		build\build.dockerfile = build\build.dockerfile
		build\Get-DockerRegistry.ps1 = build\Get-DockerRegistry.ps1
		build\Push-Docker.ps1 = build\Push-Docker.ps1
	EndProjectSection
EndProject
Global
	GlobalSection(SolutionConfigurationPlatforms) = preSolution
		Debug|Any CPU = Debug|Any CPU
		Release|Any CPU = Release|Any CPU
	EndGlobalSection
	GlobalSection(ProjectConfigurationPlatforms) = postSolution
		{80D0F5B3-0E79-4493-A81C-7AD3883E77FB}.Debug|Any CPU.ActiveCfg = Debug|Any CPU
		{80D0F5B3-0E79-4493-A81C-7AD3883E77FB}.Debug|Any CPU.Build.0 = Debug|Any CPU
		{80D0F5B3-0E79-4493-A81C-7AD3883E77FB}.Release|Any CPU.ActiveCfg = Release|Any CPU
		{80D0F5B3-0E79-4493-A81C-7AD3883E77FB}.Release|Any CPU.Build.0 = Release|Any CPU
	EndGlobalSection
	GlobalSection(SolutionProperties) = preSolution
		HideSolutionNode = FALSE
	EndGlobalSection
	GlobalSection(ExtensibilityGlobals) = postSolution
		SolutionGuid = {66760BC8-6A46-4065-A05D-D4768EEE203E}
	EndGlobalSection
EndGlobal
